// !$*UTF8*$!
{
	archiveVersion = 1;
	classes = {
	};
	objectVersion = 60;
	objects = {

/* Begin PBXBuildFile section */
		680BADCA23A4E6A700517FE2 /* CodeView.swift in Sources */ = {isa = PBXBuildFile; fileRef = 680BADC923A4E6A700517FE2 /* CodeView.swift */; };
		6816BE302A622A13007125D4 /* TestMockupData.swift in Sources */ = {isa = PBXBuildFile; fileRef = 6816BE2F2A622A13007125D4 /* TestMockupData.swift */; };
		6816BE312A622A13007125D4 /* TestMockupData.swift in Sources */ = {isa = PBXBuildFile; fileRef = 6816BE2F2A622A13007125D4 /* TestMockupData.swift */; };
		6816BE322A622D17007125D4 /* AppGlobals.swift in Sources */ = {isa = PBXBuildFile; fileRef = 688337E42353D6E800442754 /* AppGlobals.swift */; };
		6816BE332A622D17007125D4 /* AppGlobals.swift in Sources */ = {isa = PBXBuildFile; fileRef = 688337E42353D6E800442754 /* AppGlobals.swift */; };
		6816BE372A62AE7F007125D4 /* String.swift in Sources */ = {isa = PBXBuildFile; fileRef = 68B5E7672815827800C9B12B /* String.swift */; };
		687780CF2C767A6800DBF3C3 /* SVGKit in Frameworks */ = {isa = PBXBuildFile; productRef = 687780CE2C767A6800DBF3C3 /* SVGKit */; };
		687780D12C767A6D00DBF3C3 /* SVGKit in Frameworks */ = {isa = PBXBuildFile; productRef = 687780D02C767A6D00DBF3C3 /* SVGKit */; };
		688337E52353D6E800442754 /* AppGlobals.swift in Sources */ = {isa = PBXBuildFile; fileRef = 688337E42353D6E800442754 /* AppGlobals.swift */; };
		688A9914284C2A3A005F73B7 /* NSURL.swift in Sources */ = {isa = PBXBuildFile; fileRef = 688A9913284C2A3A005F73B7 /* NSURL.swift */; };
		6899B2E623ABDBB800E529DF /* NotificationView.swift in Sources */ = {isa = PBXBuildFile; fileRef = 6899B2E523ABDBB800E529DF /* NotificationView.swift */; };
		6899B2E823AC365600E529DF /* NotificationView.xib in Resources */ = {isa = PBXBuildFile; fileRef = 6899B2E723AC365600E529DF /* NotificationView.xib */; };
		68ADA4F72617A04E009DDD93 /* ImagePreviewViewController.swift in Sources */ = {isa = PBXBuildFile; fileRef = 68ADA4F52617A04E009DDD93 /* ImagePreviewViewController.swift */; };
		68ADA4F82617A04E009DDD93 /* ImagePreviewViewController.xib in Resources */ = {isa = PBXBuildFile; fileRef = 68ADA4F62617A04E009DDD93 /* ImagePreviewViewController.xib */; };
		68B5B75D2A59F5F80002B28B /* ImageToBase64_UITests.swift in Sources */ = {isa = PBXBuildFile; fileRef = 68B5B75C2A59F5F80002B28B /* ImageToBase64_UITests.swift */; };
		68B5B76C2A5AFA440002B28B /* ImageToBase64_Tests.swift in Sources */ = {isa = PBXBuildFile; fileRef = 68B5B76B2A5AFA440002B28B /* ImageToBase64_Tests.swift */; };
		68B5E7682815827800C9B12B /* String.swift in Sources */ = {isa = PBXBuildFile; fileRef = 68B5E7672815827800C9B12B /* String.swift */; };
		68BB23822A6D650D00FE0F9B /* SVGKit in Frameworks */ = {isa = PBXBuildFile; productRef = 68BB23812A6D650D00FE0F9B /* SVGKit */; };
		68CC87C52B5084EB006E003E /* Localizable.xcstrings in Resources */ = {isa = PBXBuildFile; fileRef = 68CC87C42B5084EB006E003E /* Localizable.xcstrings */; };
		68CC87C72B50861B006E003E /* CodeView.xib in Resources */ = {isa = PBXBuildFile; fileRef = 68CC87C92B50861B006E003E /* CodeView.xib */; };
		68CC87CB2B5086A0006E003E /* Main.storyboard in Resources */ = {isa = PBXBuildFile; fileRef = 68EB5F3E231ECA0E008CC8EB /* Main.storyboard */; };
		68CC87CC2B5086A1006E003E /* Main.storyboard in Resources */ = {isa = PBXBuildFile; fileRef = 68EB5F3E231ECA0E008CC8EB /* Main.storyboard */; };
		68CC87CD2B5086BA006E003E /* ImagePreviewViewController.xib in Resources */ = {isa = PBXBuildFile; fileRef = 68ADA4F62617A04E009DDD93 /* ImagePreviewViewController.xib */; };
		68CC87CE2B5086BB006E003E /* ImagePreviewViewController.xib in Resources */ = {isa = PBXBuildFile; fileRef = 68ADA4F62617A04E009DDD93 /* ImagePreviewViewController.xib */; };
		68CC87CF2B5086EE006E003E /* CodeView.xib in Resources */ = {isa = PBXBuildFile; fileRef = 68CC87C92B50861B006E003E /* CodeView.xib */; };
		68CC87D02B5086EF006E003E /* CodeView.xib in Resources */ = {isa = PBXBuildFile; fileRef = 68CC87C92B50861B006E003E /* CodeView.xib */; };
		68D33290285E270000ED65C6 /* ImageConverter.swift in Sources */ = {isa = PBXBuildFile; fileRef = 68D3328F285E270000ED65C6 /* ImageConverter.swift */; };
		68D982FD2A607A03005EC2FC /* ImageConverter.swift in Sources */ = {isa = PBXBuildFile; fileRef = 68D3328F285E270000ED65C6 /* ImageConverter.swift */; };
		68D983022A607B53005EC2FC /* NSURL.swift in Sources */ = {isa = PBXBuildFile; fileRef = 688A9913284C2A3A005F73B7 /* NSURL.swift */; };
		68D983062A607CA4005EC2FC /* Test-Assets.xcassets in Resources */ = {isa = PBXBuildFile; fileRef = 68D983052A607CA4005EC2FC /* Test-Assets.xcassets */; };
		68D983072A607CA4005EC2FC /* Test-Assets.xcassets in Resources */ = {isa = PBXBuildFile; fileRef = 68D983052A607CA4005EC2FC /* Test-Assets.xcassets */; };
		68D983092A607E97005EC2FC /* Test-Assets.xcassets in Resources */ = {isa = PBXBuildFile; fileRef = 68D983052A607CA4005EC2FC /* Test-Assets.xcassets */; };
		68EB5F39231EC9CC008CC8EB /* AppDelegate.swift in Sources */ = {isa = PBXBuildFile; fileRef = 68EB5F38231EC9CC008CC8EB /* AppDelegate.swift */; };
		68EB5F3B231EC9CC008CC8EB /* MainViewController.swift in Sources */ = {isa = PBXBuildFile; fileRef = 68EB5F3A231EC9CC008CC8EB /* MainViewController.swift */; };
		68EB5F3D231ECA0E008CC8EB /* Assets.xcassets in Resources */ = {isa = PBXBuildFile; fileRef = 68EB5F3C231ECA0E008CC8EB /* Assets.xcassets */; };
		68EB5F40231ECA0E008CC8EB /* Main.storyboard in Resources */ = {isa = PBXBuildFile; fileRef = 68EB5F3E231ECA0E008CC8EB /* Main.storyboard */; };
		68EB5F49231EDE9B008CC8EB /* DragView.swift in Sources */ = {isa = PBXBuildFile; fileRef = 68EB5F48231EDE9B008CC8EB /* DragView.swift */; };
		68EE8ACB24F539EE0069FB40 /* README.md in Resources */ = {isa = PBXBuildFile; fileRef = 68EE8ACA24F539EE0069FB40 /* README.md */; };
		68EE8AD024F55CC00069FB40 /* LICENSE in Resources */ = {isa = PBXBuildFile; fileRef = 68EE8ACC24F55CC00069FB40 /* LICENSE */; };
/* End PBXBuildFile section */

/* Begin PBXContainerItemProxy section */
		68B5B7632A59F5FF0002B28B /* PBXContainerItemProxy */ = {
			isa = PBXContainerItemProxy;
			containerPortal = 68EB5F2D231EC9CB008CC8EB /* Project object */;
			proxyType = 1;
			remoteGlobalIDString = 68EB5F34231EC9CB008CC8EB;
			remoteInfo = ImageToBase64;
		};
		68B5B7702A5AFA470002B28B /* PBXContainerItemProxy */ = {
			isa = PBXContainerItemProxy;
			containerPortal = 68EB5F2D231EC9CB008CC8EB /* Project object */;
			proxyType = 1;
			remoteGlobalIDString = 68EB5F34231EC9CB008CC8EB;
			remoteInfo = ImageToBase64;
		};
/* End PBXContainerItemProxy section */

/* Begin PBXFileReference section */
		680BADC923A4E6A700517FE2 /* CodeView.swift */ = {isa = PBXFileReference; lastKnownFileType = sourcecode.swift; path = CodeView.swift; sourceTree = "<group>"; };
		6816BE2F2A622A13007125D4 /* TestMockupData.swift */ = {isa = PBXFileReference; lastKnownFileType = sourcecode.swift; path = TestMockupData.swift; sourceTree = "<group>"; };
		688337E42353D6E800442754 /* AppGlobals.swift */ = {isa = PBXFileReference; lastKnownFileType = sourcecode.swift; path = AppGlobals.swift; sourceTree = "<group>"; };
		688A9913284C2A3A005F73B7 /* NSURL.swift */ = {isa = PBXFileReference; lastKnownFileType = sourcecode.swift; path = NSURL.swift; sourceTree = "<group>"; };
		6899B2E523ABDBB800E529DF /* NotificationView.swift */ = {isa = PBXFileReference; lastKnownFileType = sourcecode.swift; path = NotificationView.swift; sourceTree = "<group>"; };
		6899B2E723AC365600E529DF /* NotificationView.xib */ = {isa = PBXFileReference; lastKnownFileType = file.xib; path = NotificationView.xib; sourceTree = "<group>"; };
		68ADA4F52617A04E009DDD93 /* ImagePreviewViewController.swift */ = {isa = PBXFileReference; lastKnownFileType = sourcecode.swift; path = ImagePreviewViewController.swift; sourceTree = "<group>"; };
		68ADA4F62617A04E009DDD93 /* ImagePreviewViewController.xib */ = {isa = PBXFileReference; lastKnownFileType = file.xib; path = ImagePreviewViewController.xib; sourceTree = "<group>"; };
		68B5B75A2A59F5F80002B28B /* ImageToBase64-UITests.xctest */ = {isa = PBXFileReference; explicitFileType = wrapper.cfbundle; includeInIndex = 0; path = "ImageToBase64-UITests.xctest"; sourceTree = BUILT_PRODUCTS_DIR; };
		68B5B75C2A59F5F80002B28B /* ImageToBase64_UITests.swift */ = {isa = PBXFileReference; lastKnownFileType = sourcecode.swift; path = ImageToBase64_UITests.swift; sourceTree = "<group>"; };
		68B5B7692A5AFA440002B28B /* ImageToBase64-Tests.xctest */ = {isa = PBXFileReference; explicitFileType = wrapper.cfbundle; includeInIndex = 0; path = "ImageToBase64-Tests.xctest"; sourceTree = BUILT_PRODUCTS_DIR; };
		68B5B76B2A5AFA440002B28B /* ImageToBase64_Tests.swift */ = {isa = PBXFileReference; lastKnownFileType = sourcecode.swift; path = ImageToBase64_Tests.swift; sourceTree = "<group>"; };
		68B5E7672815827800C9B12B /* String.swift */ = {isa = PBXFileReference; lastKnownFileType = sourcecode.swift; path = String.swift; sourceTree = "<group>"; };
		68CC87C42B5084EB006E003E /* Localizable.xcstrings */ = {isa = PBXFileReference; lastKnownFileType = text.json.xcstrings; path = Localizable.xcstrings; sourceTree = "<group>"; };
		68CC87C62B5084EB006E003E /* mul */ = {isa = PBXFileReference; lastKnownFileType = text.json.xcstrings; name = mul; path = mul.lproj/Main.xcstrings; sourceTree = "<group>"; };
		68CC87C82B50861B006E003E /* Base */ = {isa = PBXFileReference; lastKnownFileType = file.xib; name = Base; path = Base.lproj/CodeView.xib; sourceTree = "<group>"; };
		68CC87CA2B50861B006E003E /* mul */ = {isa = PBXFileReference; lastKnownFileType = text.json.xcstrings; name = mul; path = mul.lproj/CodeView.xcstrings; sourceTree = "<group>"; };
		68D3328F285E270000ED65C6 /* ImageConverter.swift */ = {isa = PBXFileReference; lastKnownFileType = sourcecode.swift; path = ImageConverter.swift; sourceTree = "<group>"; };
		68D983052A607CA4005EC2FC /* Test-Assets.xcassets */ = {isa = PBXFileReference; lastKnownFileType = folder.assetcatalog; path = "Test-Assets.xcassets"; sourceTree = "<group>"; };
		68EB5F35231EC9CC008CC8EB /* ImageToBase64.app */ = {isa = PBXFileReference; explicitFileType = wrapper.application; includeInIndex = 0; path = ImageToBase64.app; sourceTree = BUILT_PRODUCTS_DIR; };
		68EB5F38231EC9CC008CC8EB /* AppDelegate.swift */ = {isa = PBXFileReference; lastKnownFileType = sourcecode.swift; path = AppDelegate.swift; sourceTree = "<group>"; };
		68EB5F3A231EC9CC008CC8EB /* MainViewController.swift */ = {isa = PBXFileReference; lastKnownFileType = sourcecode.swift; path = MainViewController.swift; sourceTree = "<group>"; };
		68EB5F3C231ECA0E008CC8EB /* Assets.xcassets */ = {isa = PBXFileReference; lastKnownFileType = folder.assetcatalog; path = Assets.xcassets; sourceTree = "<group>"; };
		68EB5F3F231ECA0E008CC8EB /* Base */ = {isa = PBXFileReference; lastKnownFileType = file.storyboard; name = Base; path = Base.lproj/Main.storyboard; sourceTree = "<group>"; };
		68EB5F41231ECA0E008CC8EB /* Info.plist */ = {isa = PBXFileReference; lastKnownFileType = text.plist.xml; path = Info.plist; sourceTree = "<group>"; };
		68EB5F42231ECA0E008CC8EB /* ImageConvert.entitlements */ = {isa = PBXFileReference; lastKnownFileType = text.plist.entitlements; path = ImageConvert.entitlements; sourceTree = "<group>"; };
		68EB5F48231EDE9B008CC8EB /* DragView.swift */ = {isa = PBXFileReference; lastKnownFileType = sourcecode.swift; path = DragView.swift; sourceTree = "<group>"; };
		68EE8ACA24F539EE0069FB40 /* README.md */ = {isa = PBXFileReference; fileEncoding = 4; lastKnownFileType = net.daringfireball.markdown; path = README.md; sourceTree = "<group>"; };
		68EE8ACC24F55CC00069FB40 /* LICENSE */ = {isa = PBXFileReference; fileEncoding = 4; lastKnownFileType = text; path = LICENSE; sourceTree = "<group>"; };
/* End PBXFileReference section */

/* Begin PBXFrameworksBuildPhase section */
		68B5B7572A59F5F80002B28B /* Frameworks */ = {
			isa = PBXFrameworksBuildPhase;
			buildActionMask = 2147483647;
			files = (
				687780CF2C767A6800DBF3C3 /* SVGKit in Frameworks */,
			);
			runOnlyForDeploymentPostprocessing = 0;
		};
		68B5B7662A5AFA440002B28B /* Frameworks */ = {
			isa = PBXFrameworksBuildPhase;
			buildActionMask = 2147483647;
			files = (
				687780D12C767A6D00DBF3C3 /* SVGKit in Frameworks */,
			);
			runOnlyForDeploymentPostprocessing = 0;
		};
		68EB5F32231EC9CB008CC8EB /* Frameworks */ = {
			isa = PBXFrameworksBuildPhase;
			buildActionMask = 2147483647;
			files = (
				68BB23822A6D650D00FE0F9B /* SVGKit in Frameworks */,
			);
			runOnlyForDeploymentPostprocessing = 0;
		};
/* End PBXFrameworksBuildPhase section */

/* Begin PBXGroup section */
		6833237424CC654C00D8C8CA /* Extensions */ = {
			isa = PBXGroup;
			children = (
				68B5E7672815827800C9B12B /* String.swift */,
				688A9913284C2A3A005F73B7 /* NSURL.swift */,
			);
			path = Extensions;
			sourceTree = "<group>";
		};
		687B1A1924788B8D00744AD1 /* DragView */ = {
			isa = PBXGroup;
			children = (
				68EB5F48231EDE9B008CC8EB /* DragView.swift */,
			);
			path = DragView;
			sourceTree = "<group>";
		};
		687B1A1A24788B9C00744AD1 /* CodeView */ = {
			isa = PBXGroup;
			children = (
				68CC87C92B50861B006E003E /* CodeView.xib */,
				680BADC923A4E6A700517FE2 /* CodeView.swift */,
			);
			path = CodeView;
			sourceTree = "<group>";
		};
		687B1A1C24788BBF00744AD1 /* NotificationView */ = {
			isa = PBXGroup;
			children = (
				6899B2E723AC365600E529DF /* NotificationView.xib */,
				6899B2E523ABDBB800E529DF /* NotificationView.swift */,
			);
			path = NotificationView;
			sourceTree = "<group>";
		};
		687B1A24247B1C0D00744AD1 /* MainView */ = {
			isa = PBXGroup;
			children = (
				68EB5F3E231ECA0E008CC8EB /* Main.storyboard */,
				68EB5F3A231EC9CC008CC8EB /* MainViewController.swift */,
			);
			path = MainView;
			sourceTree = "<group>";
		};
		687B1A25247B1C3400744AD1 /* Views */ = {
			isa = PBXGroup;
			children = (
				687B1A1C24788BBF00744AD1 /* NotificationView */,
				687B1A1A24788B9C00744AD1 /* CodeView */,
				687B1A1924788B8D00744AD1 /* DragView */,
			);
			path = Views;
			sourceTree = "<group>";
		};
		68ADA4F42617A01E009DDD93 /* ImagePreview */ = {
			isa = PBXGroup;
			children = (
				68ADA4F62617A04E009DDD93 /* ImagePreviewViewController.xib */,
				68ADA4F52617A04E009DDD93 /* ImagePreviewViewController.swift */,
			);
			path = ImagePreview;
			sourceTree = "<group>";
		};
		68B5B75B2A59F5F80002B28B /* ImageToBase64-UITests */ = {
			isa = PBXGroup;
			children = (
				68B5B75C2A59F5F80002B28B /* ImageToBase64_UITests.swift */,
			);
			path = "ImageToBase64-UITests";
			sourceTree = "<group>";
		};
		68B5B76A2A5AFA440002B28B /* ImageToBase64-Tests */ = {
			isa = PBXGroup;
			children = (
				68B5B76B2A5AFA440002B28B /* ImageToBase64_Tests.swift */,
			);
			path = "ImageToBase64-Tests";
			sourceTree = "<group>";
		};
		68B5E76128157E9B00C9B12B /* Shared */ = {
			isa = PBXGroup;
			children = (
				688337E42353D6E800442754 /* AppGlobals.swift */,
				68D3328F285E270000ED65C6 /* ImageConverter.swift */,
				6833237424CC654C00D8C8CA /* Extensions */,
			);
			path = Shared;
			sourceTree = "<group>";
		};
		68B5E76628157F8100C9B12B /* ViewController */ = {
			isa = PBXGroup;
			children = (
				68ADA4F42617A01E009DDD93 /* ImagePreview */,
				687B1A24247B1C0D00744AD1 /* MainView */,
			);
			path = ViewController;
			sourceTree = "<group>";
		};
		68D983042A607C81005EC2FC /* Tests */ = {
			isa = PBXGroup;
			children = (
				68B5B75B2A59F5F80002B28B /* ImageToBase64-UITests */,
				68B5B76A2A5AFA440002B28B /* ImageToBase64-Tests */,
				68D983052A607CA4005EC2FC /* Test-Assets.xcassets */,
				6816BE2F2A622A13007125D4 /* TestMockupData.swift */,
			);
			path = Tests;
			sourceTree = "<group>";
		};
		68EB5F2C231EC9CB008CC8EB = {
			isa = PBXGroup;
			children = (
				68EE8ACA24F539EE0069FB40 /* README.md */,
				68EE8ACC24F55CC00069FB40 /* LICENSE */,
				68EB5F37231EC9CC008CC8EB /* ImageConvert */,
				68EB5F36231EC9CC008CC8EB /* Products */,
				9BFEA36A3B94BF2048F58D4B /* Frameworks */,
			);
			sourceTree = "<group>";
		};
		68EB5F36231EC9CC008CC8EB /* Products */ = {
			isa = PBXGroup;
			children = (
				68EB5F35231EC9CC008CC8EB /* ImageToBase64.app */,
				68B5B75A2A59F5F80002B28B /* ImageToBase64-UITests.xctest */,
				68B5B7692A5AFA440002B28B /* ImageToBase64-Tests.xctest */,
			);
			name = Products;
			sourceTree = "<group>";
		};
		68EB5F37231EC9CC008CC8EB /* ImageConvert */ = {
			isa = PBXGroup;
			children = (
				68EB5F4A231EF31B008CC8EB /* Sources */,
				68D983042A607C81005EC2FC /* Tests */,
				68EB5F3C231ECA0E008CC8EB /* Assets.xcassets */,
				68EB5F41231ECA0E008CC8EB /* Info.plist */,
				68EB5F42231ECA0E008CC8EB /* ImageConvert.entitlements */,
				68CC87C42B5084EB006E003E /* Localizable.xcstrings */,
			);
			path = ImageConvert;
			sourceTree = "<group>";
		};
		68EB5F4A231EF31B008CC8EB /* Sources */ = {
			isa = PBXGroup;
			children = (
				68B5E76128157E9B00C9B12B /* Shared */,
				68B5E76628157F8100C9B12B /* ViewController */,
				687B1A25247B1C3400744AD1 /* Views */,
				68EB5F38231EC9CC008CC8EB /* AppDelegate.swift */,
			);
			path = Sources;
			sourceTree = "<group>";
		};
		9BFEA36A3B94BF2048F58D4B /* Frameworks */ = {
			isa = PBXGroup;
			children = (
			);
			name = Frameworks;
			sourceTree = "<group>";
		};
/* End PBXGroup section */

/* Begin PBXNativeTarget section */
		68B5B7592A59F5F80002B28B /* ImageToBase64-UITests */ = {
			isa = PBXNativeTarget;
			buildConfigurationList = 68B5B7622A59F5F80002B28B /* Build configuration list for PBXNativeTarget "ImageToBase64-UITests" */;
			buildPhases = (
				68B5B7562A59F5F80002B28B /* Sources */,
				68B5B7572A59F5F80002B28B /* Frameworks */,
				68B5B7582A59F5F80002B28B /* Resources */,
			);
			buildRules = (
			);
			dependencies = (
				68B5B7642A59F5FF0002B28B /* PBXTargetDependency */,
			);
			name = "ImageToBase64-UITests";
			packageProductDependencies = (
				687780CE2C767A6800DBF3C3 /* SVGKit */,
			);
			productName = "ImageToBase64-UITests";
			productReference = 68B5B75A2A59F5F80002B28B /* ImageToBase64-UITests.xctest */;
			productType = "com.apple.product-type.bundle.ui-testing";
		};
		68B5B7682A5AFA440002B28B /* ImageToBase64-Tests */ = {
			isa = PBXNativeTarget;
			buildConfigurationList = 68B5B76D2A5AFA440002B28B /* Build configuration list for PBXNativeTarget "ImageToBase64-Tests" */;
			buildPhases = (
				68B5B7652A5AFA440002B28B /* Sources */,
				68B5B7662A5AFA440002B28B /* Frameworks */,
				68B5B7672A5AFA440002B28B /* Resources */,
			);
			buildRules = (
			);
			dependencies = (
				68B5B7712A5AFA470002B28B /* PBXTargetDependency */,
			);
			name = "ImageToBase64-Tests";
			packageProductDependencies = (
				687780D02C767A6D00DBF3C3 /* SVGKit */,
			);
			productName = "ImageToBase64-Tests";
			productReference = 68B5B7692A5AFA440002B28B /* ImageToBase64-Tests.xctest */;
			productType = "com.apple.product-type.bundle.unit-test";
		};
		68EB5F34231EC9CB008CC8EB /* ImageToBase64 */ = {
			isa = PBXNativeTarget;
			buildConfigurationList = 68EB5F45231ECA0E008CC8EB /* Build configuration list for PBXNativeTarget "ImageToBase64" */;
			buildPhases = (
				68EB5F31231EC9CB008CC8EB /* Sources */,
				68EB5F32231EC9CB008CC8EB /* Frameworks */,
				68EB5F33231EC9CB008CC8EB /* Resources */,
			);
			buildRules = (
			);
			dependencies = (
				68CC87D32B5732BF006E003E /* PBXTargetDependency */,
			);
			name = ImageToBase64;
			packageProductDependencies = (
				68BB23812A6D650D00FE0F9B /* SVGKit */,
			);
			productName = ImageConvert;
			productReference = 68EB5F35231EC9CC008CC8EB /* ImageToBase64.app */;
			productType = "com.apple.product-type.application";
		};
/* End PBXNativeTarget section */

/* Begin PBXProject section */
		68EB5F2D231EC9CB008CC8EB /* Project object */ = {
			isa = PBXProject;
			attributes = {
				BuildIndependentTargetsInParallel = YES;
				LastSwiftUpdateCheck = 1500;
				LastUpgradeCheck = 1600;
				ORGANIZATIONNAME = "Martin Albrecht <martin.albrecht@seriousmonkey.de>";
				TargetAttributes = {
					68B5B7592A59F5F80002B28B = {
						CreatedOnToolsVersion = 15.0;
						TestTargetID = 68EB5F34231EC9CB008CC8EB;
					};
					68B5B7682A5AFA440002B28B = {
						CreatedOnToolsVersion = 15.0;
						TestTargetID = 68EB5F34231EC9CB008CC8EB;
					};
					68EB5F34231EC9CB008CC8EB = {
						CreatedOnToolsVersion = 10.3;
					};
				};
			};
			buildConfigurationList = 68EB5F30231EC9CB008CC8EB /* Build configuration list for PBXProject "ImageToBase64" */;
			compatibilityVersion = "Xcode 9.3";
			developmentRegion = en;
			hasScannedForEncodings = 0;
			knownRegions = (
				en,
				Base,
				de,
			);
			mainGroup = 68EB5F2C231EC9CB008CC8EB;
			packageReferences = (
				68BB23802A6D650D00FE0F9B /* XCRemoteSwiftPackageReference "SVGKit" */,
				68CC87D12B573282006E003E /* XCRemoteSwiftPackageReference "SwiftLint" */,
			);
			productRefGroup = 68EB5F36231EC9CC008CC8EB /* Products */;
			projectDirPath = "";
			projectRoot = "";
			targets = (
				68EB5F34231EC9CB008CC8EB /* ImageToBase64 */,
				68B5B7592A59F5F80002B28B /* ImageToBase64-UITests */,
				68B5B7682A5AFA440002B28B /* ImageToBase64-Tests */,
			);
		};
/* End PBXProject section */

/* Begin PBXResourcesBuildPhase section */
		68B5B7582A59F5F80002B28B /* Resources */ = {
			isa = PBXResourcesBuildPhase;
			buildActionMask = 2147483647;
			files = (
				68D983062A607CA4005EC2FC /* Test-Assets.xcassets in Resources */,
				68CC87CB2B5086A0006E003E /* Main.storyboard in Resources */,
				68CC87CD2B5086BA006E003E /* ImagePreviewViewController.xib in Resources */,
				68CC87CF2B5086EE006E003E /* CodeView.xib in Resources */,
			);
			runOnlyForDeploymentPostprocessing = 0;
		};
		68B5B7672A5AFA440002B28B /* Resources */ = {
			isa = PBXResourcesBuildPhase;
			buildActionMask = 2147483647;
			files = (
				68D983072A607CA4005EC2FC /* Test-Assets.xcassets in Resources */,
				68CC87CC2B5086A1006E003E /* Main.storyboard in Resources */,
				68CC87CE2B5086BB006E003E /* ImagePreviewViewController.xib in Resources */,
				68CC87D02B5086EF006E003E /* CodeView.xib in Resources */,
			);
			runOnlyForDeploymentPostprocessing = 0;
		};
		68EB5F33231EC9CB008CC8EB /* Resources */ = {
			isa = PBXResourcesBuildPhase;
			buildActionMask = 2147483647;
			files = (
				68EB5F3D231ECA0E008CC8EB /* Assets.xcassets in Resources */,
				68D983092A607E97005EC2FC /* Test-Assets.xcassets in Resources */,
				6899B2E823AC365600E529DF /* NotificationView.xib in Resources */,
				68EB5F40231ECA0E008CC8EB /* Main.storyboard in Resources */,
				68EE8AD024F55CC00069FB40 /* LICENSE in Resources */,
				68CC87C52B5084EB006E003E /* Localizable.xcstrings in Resources */,
				68EE8ACB24F539EE0069FB40 /* README.md in Resources */,
				68CC87C72B50861B006E003E /* CodeView.xib in Resources */,
				68ADA4F82617A04E009DDD93 /* ImagePreviewViewController.xib in Resources */,
			);
			runOnlyForDeploymentPostprocessing = 0;
		};
/* End PBXResourcesBuildPhase section */

/* Begin PBXSourcesBuildPhase section */
		68B5B7562A59F5F80002B28B /* Sources */ = {
			isa = PBXSourcesBuildPhase;
			buildActionMask = 2147483647;
			files = (
				6816BE302A622A13007125D4 /* TestMockupData.swift in Sources */,
				6816BE322A622D17007125D4 /* AppGlobals.swift in Sources */,
				68B5B75D2A59F5F80002B28B /* ImageToBase64_UITests.swift in Sources */,
			);
			runOnlyForDeploymentPostprocessing = 0;
		};
		68B5B7652A5AFA440002B28B /* Sources */ = {
			isa = PBXSourcesBuildPhase;
			buildActionMask = 2147483647;
			files = (
				6816BE372A62AE7F007125D4 /* String.swift in Sources */,
				6816BE312A622A13007125D4 /* TestMockupData.swift in Sources */,
				68D983022A607B53005EC2FC /* NSURL.swift in Sources */,
				6816BE332A622D17007125D4 /* AppGlobals.swift in Sources */,
				68D982FD2A607A03005EC2FC /* ImageConverter.swift in Sources */,
				68B5B76C2A5AFA440002B28B /* ImageToBase64_Tests.swift in Sources */,
			);
			runOnlyForDeploymentPostprocessing = 0;
		};
		68EB5F31231EC9CB008CC8EB /* Sources */ = {
			isa = PBXSourcesBuildPhase;
			buildActionMask = 2147483647;
			files = (
				688A9914284C2A3A005F73B7 /* NSURL.swift in Sources */,
				68EB5F3B231EC9CC008CC8EB /* MainViewController.swift in Sources */,
				68EB5F39231EC9CC008CC8EB /* AppDelegate.swift in Sources */,
				688337E52353D6E800442754 /* AppGlobals.swift in Sources */,
				680BADCA23A4E6A700517FE2 /* CodeView.swift in Sources */,
				68B5E7682815827800C9B12B /* String.swift in Sources */,
				68ADA4F72617A04E009DDD93 /* ImagePreviewViewController.swift in Sources */,
				68D33290285E270000ED65C6 /* ImageConverter.swift in Sources */,
				68EB5F49231EDE9B008CC8EB /* DragView.swift in Sources */,
				6899B2E623ABDBB800E529DF /* NotificationView.swift in Sources */,
			);
			runOnlyForDeploymentPostprocessing = 0;
		};
/* End PBXSourcesBuildPhase section */

/* Begin PBXTargetDependency section */
		68B5B7642A59F5FF0002B28B /* PBXTargetDependency */ = {
			isa = PBXTargetDependency;
			target = 68EB5F34231EC9CB008CC8EB /* ImageToBase64 */;
			targetProxy = 68B5B7632A59F5FF0002B28B /* PBXContainerItemProxy */;
		};
		68B5B7712A5AFA470002B28B /* PBXTargetDependency */ = {
			isa = PBXTargetDependency;
			target = 68EB5F34231EC9CB008CC8EB /* ImageToBase64 */;
			targetProxy = 68B5B7702A5AFA470002B28B /* PBXContainerItemProxy */;
		};
		68CC87D32B5732BF006E003E /* PBXTargetDependency */ = {
			isa = PBXTargetDependency;
			productRef = 68CC87D22B5732BF006E003E /* SwiftLintPlugin */;
		};
/* End PBXTargetDependency section */

/* Begin PBXVariantGroup section */
		68CC87C92B50861B006E003E /* CodeView.xib */ = {
			isa = PBXVariantGroup;
			children = (
				68CC87C82B50861B006E003E /* Base */,
				68CC87CA2B50861B006E003E /* mul */,
			);
			name = CodeView.xib;
			sourceTree = "<group>";
		};
		68EB5F3E231ECA0E008CC8EB /* Main.storyboard */ = {
			isa = PBXVariantGroup;
			children = (
				68EB5F3F231ECA0E008CC8EB /* Base */,
				68CC87C62B5084EB006E003E /* mul */,
			);
			name = Main.storyboard;
			sourceTree = "<group>";
		};
/* End PBXVariantGroup section */

/* Begin XCBuildConfiguration section */
		68B5B7602A59F5F80002B28B /* Debug */ = {
			isa = XCBuildConfiguration;
			buildSettings = {
				CLANG_CXX_LANGUAGE_STANDARD = "gnu++20";
				CODE_SIGN_STYLE = Automatic;
				CURRENT_PROJECT_VERSION = 1493;
				DEVELOPMENT_TEAM = 4TM9NALPC3;
				GCC_C_LANGUAGE_STANDARD = gnu17;
				GENERATE_INFOPLIST_FILE = YES;
				IPHONEOS_DEPLOYMENT_TARGET = 17.0;
				LOCALIZATION_PREFERS_STRING_CATALOGS = YES;
				MACOSX_DEPLOYMENT_TARGET = 11.0;
				MARKETING_VERSION = 1.0;
				PRODUCT_BUNDLE_IDENTIFIER = "com.seriousmonkey.ImageToBase64-UITests";
				PRODUCT_NAME = "$(TARGET_NAME)";
				SDKROOT = iphoneos;
				SUPPORTED_PLATFORMS = macosx;
				SUPPORTS_MACCATALYST = NO;
				SUPPORTS_MAC_DESIGNED_FOR_IPHONE_IPAD = NO;
				SUPPORTS_XR_DESIGNED_FOR_IPHONE_IPAD = NO;
				SWIFT_ACTIVE_COMPILATION_CONDITIONS = "DEBUG $(inherited)";
				SWIFT_EMIT_LOC_STRINGS = NO;
				SWIFT_VERSION = 5.0;
				TEST_TARGET_NAME = ImageToBase64;
			};
			name = Debug;
		};
		68B5B7612A59F5F80002B28B /* Release */ = {
			isa = XCBuildConfiguration;
			buildSettings = {
				CLANG_CXX_LANGUAGE_STANDARD = "gnu++20";
				CODE_SIGN_STYLE = Automatic;
				CURRENT_PROJECT_VERSION = 1493;
				DEVELOPMENT_TEAM = 4TM9NALPC3;
				GCC_C_LANGUAGE_STANDARD = gnu17;
				GENERATE_INFOPLIST_FILE = YES;
				IPHONEOS_DEPLOYMENT_TARGET = 17.0;
				LOCALIZATION_PREFERS_STRING_CATALOGS = YES;
				MACOSX_DEPLOYMENT_TARGET = 11.0;
				MARKETING_VERSION = 1.0;
				PRODUCT_BUNDLE_IDENTIFIER = "com.seriousmonkey.ImageToBase64-UITests";
				PRODUCT_NAME = "$(TARGET_NAME)";
				SDKROOT = iphoneos;
				SUPPORTED_PLATFORMS = macosx;
				SUPPORTS_MACCATALYST = NO;
				SUPPORTS_MAC_DESIGNED_FOR_IPHONE_IPAD = NO;
				SUPPORTS_XR_DESIGNED_FOR_IPHONE_IPAD = NO;
				SWIFT_EMIT_LOC_STRINGS = NO;
				SWIFT_VERSION = 5.0;
				TEST_TARGET_NAME = ImageToBase64;
				VALIDATE_PRODUCT = YES;
			};
			name = Release;
		};
		68B5B76E2A5AFA440002B28B /* Debug */ = {
			isa = XCBuildConfiguration;
			buildSettings = {
				CLANG_CXX_LANGUAGE_STANDARD = "gnu++20";
				CODE_SIGN_STYLE = Automatic;
				CURRENT_PROJECT_VERSION = 1493;
				DEVELOPMENT_TEAM = 4TM9NALPC3;
				GCC_C_LANGUAGE_STANDARD = gnu17;
				GENERATE_INFOPLIST_FILE = YES;
				IPHONEOS_DEPLOYMENT_TARGET = 17.0;
				LOCALIZATION_PREFERS_STRING_CATALOGS = YES;
				MACOSX_DEPLOYMENT_TARGET = 11.0;
				MARKETING_VERSION = 1.0;
				PRODUCT_BUNDLE_IDENTIFIER = "com.seriousmonkey.ImageToBase64-Tests";
				PRODUCT_NAME = "$(TARGET_NAME)";
				SDKROOT = iphoneos;
				SUPPORTED_PLATFORMS = macosx;
				SUPPORTS_MACCATALYST = NO;
				SUPPORTS_MAC_DESIGNED_FOR_IPHONE_IPAD = NO;
				SUPPORTS_XR_DESIGNED_FOR_IPHONE_IPAD = NO;
				SWIFT_ACTIVE_COMPILATION_CONDITIONS = "DEBUG $(inherited)";
				SWIFT_EMIT_LOC_STRINGS = NO;
				SWIFT_VERSION = 5.0;
				TEST_HOST = "$(BUILT_PRODUCTS_DIR)/ImageToBase64.app/$(BUNDLE_EXECUTABLE_FOLDER_PATH)/ImageToBase64";
			};
			name = Debug;
		};
		68B5B76F2A5AFA440002B28B /* Release */ = {
			isa = XCBuildConfiguration;
			buildSettings = {
				CLANG_CXX_LANGUAGE_STANDARD = "gnu++20";
				CODE_SIGN_STYLE = Automatic;
				CURRENT_PROJECT_VERSION = 1493;
				DEVELOPMENT_TEAM = 4TM9NALPC3;
				GCC_C_LANGUAGE_STANDARD = gnu17;
				GENERATE_INFOPLIST_FILE = YES;
				IPHONEOS_DEPLOYMENT_TARGET = 17.0;
				LOCALIZATION_PREFERS_STRING_CATALOGS = YES;
				MACOSX_DEPLOYMENT_TARGET = 11.0;
				MARKETING_VERSION = 1.0;
				PRODUCT_BUNDLE_IDENTIFIER = "com.seriousmonkey.ImageToBase64-Tests";
				PRODUCT_NAME = "$(TARGET_NAME)";
				SDKROOT = iphoneos;
				SUPPORTED_PLATFORMS = macosx;
				SUPPORTS_MACCATALYST = NO;
				SUPPORTS_MAC_DESIGNED_FOR_IPHONE_IPAD = NO;
				SUPPORTS_XR_DESIGNED_FOR_IPHONE_IPAD = NO;
				SWIFT_EMIT_LOC_STRINGS = NO;
				SWIFT_VERSION = 5.0;
				TEST_HOST = "$(BUILT_PRODUCTS_DIR)/ImageToBase64.app/$(BUNDLE_EXECUTABLE_FOLDER_PATH)/ImageToBase64";
				VALIDATE_PRODUCT = YES;
			};
			name = Release;
		};
		68EB5F43231ECA0E008CC8EB /* Debug */ = {
			isa = XCBuildConfiguration;
			buildSettings = {
				ALWAYS_SEARCH_USER_PATHS = NO;
				ASSETCATALOG_COMPILER_GENERATE_SWIFT_ASSET_SYMBOL_EXTENSIONS = YES;
				CLANG_ANALYZER_LOCALIZABILITY_NONLOCALIZED = YES;
				CLANG_ANALYZER_NONNULL = YES;
				CLANG_ANALYZER_NUMBER_OBJECT_CONVERSION = YES_AGGRESSIVE;
				CLANG_CXX_LANGUAGE_STANDARD = "gnu++14";
				CLANG_CXX_LIBRARY = "libc++";
				CLANG_ENABLE_MODULES = YES;
				CLANG_ENABLE_OBJC_ARC = YES;
				CLANG_ENABLE_OBJC_WEAK = YES;
				CLANG_WARN_BLOCK_CAPTURE_AUTORELEASING = YES;
				CLANG_WARN_BOOL_CONVERSION = YES;
				CLANG_WARN_COMMA = YES;
				CLANG_WARN_CONSTANT_CONVERSION = YES;
				CLANG_WARN_DEPRECATED_OBJC_IMPLEMENTATIONS = YES;
				CLANG_WARN_DIRECT_OBJC_ISA_USAGE = YES_ERROR;
				CLANG_WARN_DOCUMENTATION_COMMENTS = YES;
				CLANG_WARN_EMPTY_BODY = YES;
				CLANG_WARN_ENUM_CONVERSION = YES;
				CLANG_WARN_INFINITE_RECURSION = YES;
				CLANG_WARN_INT_CONVERSION = YES;
				CLANG_WARN_NON_LITERAL_NULL_CONVERSION = YES;
				CLANG_WARN_OBJC_IMPLICIT_RETAIN_SELF = YES;
				CLANG_WARN_OBJC_LITERAL_CONVERSION = YES;
				CLANG_WARN_OBJC_ROOT_CLASS = YES_ERROR;
				CLANG_WARN_QUOTED_INCLUDE_IN_FRAMEWORK_HEADER = YES;
				CLANG_WARN_RANGE_LOOP_ANALYSIS = YES;
				CLANG_WARN_STRICT_PROTOTYPES = YES;
				CLANG_WARN_SUSPICIOUS_MOVE = YES;
				CLANG_WARN_UNGUARDED_AVAILABILITY = YES_AGGRESSIVE;
				CLANG_WARN_UNREACHABLE_CODE = YES;
				CLANG_WARN__DUPLICATE_METHOD_MATCH = YES;
				CODE_SIGN_IDENTITY = "Mac Developer";
				COPY_PHASE_STRIP = NO;
				DEAD_CODE_STRIPPING = YES;
				DEBUG_INFORMATION_FORMAT = dwarf;
				ENABLE_STRICT_OBJC_MSGSEND = YES;
				ENABLE_TESTABILITY = YES;
				ENABLE_USER_SCRIPT_SANDBOXING = YES;
				GCC_C_LANGUAGE_STANDARD = gnu11;
				GCC_DYNAMIC_NO_PIC = NO;
				GCC_NO_COMMON_BLOCKS = YES;
				GCC_OPTIMIZATION_LEVEL = 0;
				GCC_PREPROCESSOR_DEFINITIONS = (
					"DEBUG=1",
					"$(inherited)",
				);
				GCC_WARN_64_TO_32_BIT_CONVERSION = YES;
				GCC_WARN_ABOUT_RETURN_TYPE = YES_ERROR;
				GCC_WARN_UNDECLARED_SELECTOR = YES;
				GCC_WARN_UNINITIALIZED_AUTOS = YES_AGGRESSIVE;
				GCC_WARN_UNUSED_FUNCTION = YES;
				GCC_WARN_UNUSED_VARIABLE = YES;
				LOCALIZATION_PREFERS_STRING_CATALOGS = YES;
				MACOSX_DEPLOYMENT_TARGET = 10.13;
				MTL_ENABLE_DEBUG_INFO = INCLUDE_SOURCE;
				MTL_FAST_MATH = YES;
				ONLY_ACTIVE_ARCH = YES;
				SDKROOT = macosx;
				SWIFT_ACTIVE_COMPILATION_CONDITIONS = DEBUG;
				SWIFT_OPTIMIZATION_LEVEL = "-Onone";
				VALID_ARCHS = "$(ARCHS_STANDARD)";
			};
			name = Debug;
		};
		68EB5F44231ECA0E008CC8EB /* Release */ = {
			isa = XCBuildConfiguration;
			buildSettings = {
				ALWAYS_SEARCH_USER_PATHS = NO;
				ASSETCATALOG_COMPILER_GENERATE_SWIFT_ASSET_SYMBOL_EXTENSIONS = YES;
				CLANG_ANALYZER_LOCALIZABILITY_NONLOCALIZED = YES;
				CLANG_ANALYZER_NONNULL = YES;
				CLANG_ANALYZER_NUMBER_OBJECT_CONVERSION = YES_AGGRESSIVE;
				CLANG_CXX_LANGUAGE_STANDARD = "gnu++14";
				CLANG_CXX_LIBRARY = "libc++";
				CLANG_ENABLE_MODULES = YES;
				CLANG_ENABLE_OBJC_ARC = YES;
				CLANG_ENABLE_OBJC_WEAK = YES;
				CLANG_WARN_BLOCK_CAPTURE_AUTORELEASING = YES;
				CLANG_WARN_BOOL_CONVERSION = YES;
				CLANG_WARN_COMMA = YES;
				CLANG_WARN_CONSTANT_CONVERSION = YES;
				CLANG_WARN_DEPRECATED_OBJC_IMPLEMENTATIONS = YES;
				CLANG_WARN_DIRECT_OBJC_ISA_USAGE = YES_ERROR;
				CLANG_WARN_DOCUMENTATION_COMMENTS = YES;
				CLANG_WARN_EMPTY_BODY = YES;
				CLANG_WARN_ENUM_CONVERSION = YES;
				CLANG_WARN_INFINITE_RECURSION = YES;
				CLANG_WARN_INT_CONVERSION = YES;
				CLANG_WARN_NON_LITERAL_NULL_CONVERSION = YES;
				CLANG_WARN_OBJC_IMPLICIT_RETAIN_SELF = YES;
				CLANG_WARN_OBJC_LITERAL_CONVERSION = YES;
				CLANG_WARN_OBJC_ROOT_CLASS = YES_ERROR;
				CLANG_WARN_QUOTED_INCLUDE_IN_FRAMEWORK_HEADER = YES;
				CLANG_WARN_RANGE_LOOP_ANALYSIS = YES;
				CLANG_WARN_STRICT_PROTOTYPES = YES;
				CLANG_WARN_SUSPICIOUS_MOVE = YES;
				CLANG_WARN_UNGUARDED_AVAILABILITY = YES_AGGRESSIVE;
				CLANG_WARN_UNREACHABLE_CODE = YES;
				CLANG_WARN__DUPLICATE_METHOD_MATCH = YES;
				CODE_SIGN_IDENTITY = "Mac Developer";
				COPY_PHASE_STRIP = NO;
				DEAD_CODE_STRIPPING = YES;
				DEBUG_INFORMATION_FORMAT = "dwarf-with-dsym";
				ENABLE_NS_ASSERTIONS = NO;
				ENABLE_STRICT_OBJC_MSGSEND = YES;
				ENABLE_USER_SCRIPT_SANDBOXING = YES;
				GCC_C_LANGUAGE_STANDARD = gnu11;
				GCC_NO_COMMON_BLOCKS = YES;
				GCC_WARN_64_TO_32_BIT_CONVERSION = YES;
				GCC_WARN_ABOUT_RETURN_TYPE = YES_ERROR;
				GCC_WARN_UNDECLARED_SELECTOR = YES;
				GCC_WARN_UNINITIALIZED_AUTOS = YES_AGGRESSIVE;
				GCC_WARN_UNUSED_FUNCTION = YES;
				GCC_WARN_UNUSED_VARIABLE = YES;
				LOCALIZATION_PREFERS_STRING_CATALOGS = YES;
				MACOSX_DEPLOYMENT_TARGET = 10.13;
				MTL_ENABLE_DEBUG_INFO = NO;
				MTL_FAST_MATH = YES;
				SDKROOT = macosx;
				SWIFT_COMPILATION_MODE = wholemodule;
				SWIFT_OPTIMIZATION_LEVEL = "-O";
				VALID_ARCHS = "$(ARCHS_STANDARD)";
			};
			name = Release;
		};
		68EB5F46231ECA0E008CC8EB /* Debug */ = {
			isa = XCBuildConfiguration;
			buildSettings = {
				ASSETCATALOG_COMPILER_APPICON_NAME = AppIcon;
				CLANG_USE_OPTIMIZATION_PROFILE = YES;
				CODE_SIGN_ENTITLEMENTS = ImageConvert/ImageConvert.entitlements;
				CODE_SIGN_IDENTITY = "Apple Development";
				CODE_SIGN_STYLE = Automatic;
				COMBINE_HIDPI_IMAGES = YES;
				CURRENT_PROJECT_VERSION = 1493;
				DEAD_CODE_STRIPPING = YES;
				DEVELOPMENT_TEAM = 4TM9NALPC3;
				ENABLE_HARDENED_RUNTIME = YES;
				INFOPLIST_FILE = ImageConvert/Info.plist;
				INFOPLIST_KEY_LSApplicationCategoryType = "public.app-category.developer-tools";
				LD_RUNPATH_SEARCH_PATHS = (
					"$(inherited)",
					"@executable_path/../Frameworks",
					"@loader_path/../Frameworks",
				);
				MACOSX_DEPLOYMENT_TARGET = 11.0;
				MARKETING_VERSION = 2.6.1;
				PRODUCT_BUNDLE_IDENTIFIER = com.seriousmonkey.imageconvert;
				PRODUCT_NAME = "$(TARGET_NAME)";
				PROVISIONING_PROFILE_SPECIFIER = "";
				SWIFT_EMIT_LOC_STRINGS = YES;
				SWIFT_VERSION = 5.0;
			};
			name = Debug;
		};
		68EB5F47231ECA0E008CC8EB /* Release */ = {
			isa = XCBuildConfiguration;
			buildSettings = {
				ASSETCATALOG_COMPILER_APPICON_NAME = AppIcon;
				CLANG_USE_OPTIMIZATION_PROFILE = YES;
				CODE_SIGN_ENTITLEMENTS = ImageConvert/ImageConvert.entitlements;
				CODE_SIGN_IDENTITY = "Apple Development";
				CODE_SIGN_STYLE = Automatic;
				COMBINE_HIDPI_IMAGES = YES;
				CURRENT_PROJECT_VERSION = 1493;
				DEAD_CODE_STRIPPING = YES;
				DEVELOPMENT_TEAM = 4TM9NALPC3;
				ENABLE_HARDENED_RUNTIME = YES;
				INFOPLIST_FILE = ImageConvert/Info.plist;
				INFOPLIST_KEY_LSApplicationCategoryType = "public.app-category.developer-tools";
				LD_RUNPATH_SEARCH_PATHS = (
					"$(inherited)",
					"@executable_path/../Frameworks",
					"@loader_path/../Frameworks",
				);
				MACOSX_DEPLOYMENT_TARGET = 11.0;
				MARKETING_VERSION = 2.6.1;
				PRODUCT_BUNDLE_IDENTIFIER = com.seriousmonkey.imageconvert;
				PRODUCT_NAME = "$(TARGET_NAME)";
				PROVISIONING_PROFILE_SPECIFIER = "";
				SWIFT_EMIT_LOC_STRINGS = YES;
				SWIFT_VERSION = 5.0;
			};
			name = Release;
		};
/* End XCBuildConfiguration section */

/* Begin XCConfigurationList section */
		68B5B7622A59F5F80002B28B /* Build configuration list for PBXNativeTarget "ImageToBase64-UITests" */ = {
			isa = XCConfigurationList;
			buildConfigurations = (
				68B5B7602A59F5F80002B28B /* Debug */,
				68B5B7612A59F5F80002B28B /* Release */,
			);
			defaultConfigurationIsVisible = 0;
			defaultConfigurationName = Release;
		};
		68B5B76D2A5AFA440002B28B /* Build configuration list for PBXNativeTarget "ImageToBase64-Tests" */ = {
			isa = XCConfigurationList;
			buildConfigurations = (
				68B5B76E2A5AFA440002B28B /* Debug */,
				68B5B76F2A5AFA440002B28B /* Release */,
			);
			defaultConfigurationIsVisible = 0;
			defaultConfigurationName = Release;
		};
		68EB5F30231EC9CB008CC8EB /* Build configuration list for PBXProject "ImageToBase64" */ = {
			isa = XCConfigurationList;
			buildConfigurations = (
				68EB5F43231ECA0E008CC8EB /* Debug */,
				68EB5F44231ECA0E008CC8EB /* Release */,
			);
			defaultConfigurationIsVisible = 0;
			defaultConfigurationName = Release;
		};
		68EB5F45231ECA0E008CC8EB /* Build configuration list for PBXNativeTarget "ImageToBase64" */ = {
			isa = XCConfigurationList;
			buildConfigurations = (
				68EB5F46231ECA0E008CC8EB /* Debug */,
				68EB5F47231ECA0E008CC8EB /* Release */,
			);
			defaultConfigurationIsVisible = 0;
			defaultConfigurationName = Release;
		};
/* End XCConfigurationList section */

/* Begin XCRemoteSwiftPackageReference section */
		68BB23802A6D650D00FE0F9B /* XCRemoteSwiftPackageReference "SVGKit" */ = {
			isa = XCRemoteSwiftPackageReference;
			repositoryURL = "https://github.com/sanzaru/SVGKit";
			requirement = {
				branch = 3.x;
				kind = branch;
			};
		};
		68CC87D12B573282006E003E /* XCRemoteSwiftPackageReference "SwiftLint" */ = {
			isa = XCRemoteSwiftPackageReference;
			repositoryURL = "https://github.com/realm/SwiftLint";
			requirement = {
				kind = upToNextMajorVersion;
				minimumVersion = 0.54.0;
			};
		};
/* End XCRemoteSwiftPackageReference section */

/* Begin XCSwiftPackageProductDependency section */
		687780CE2C767A6800DBF3C3 /* SVGKit */ = {
			isa = XCSwiftPackageProductDependency;
			package = 68BB23802A6D650D00FE0F9B /* XCRemoteSwiftPackageReference "SVGKit" */;
			productName = SVGKit;
		};
		687780D02C767A6D00DBF3C3 /* SVGKit */ = {
			isa = XCSwiftPackageProductDependency;
			package = 68BB23802A6D650D00FE0F9B /* XCRemoteSwiftPackageReference "SVGKit" */;
			productName = SVGKit;
		};
		68BB23812A6D650D00FE0F9B /* SVGKit */ = {
			isa = XCSwiftPackageProductDependency;
			package = 68BB23802A6D650D00FE0F9B /* XCRemoteSwiftPackageReference "SVGKit" */;
			productName = SVGKit;
		};
		68CC87D22B5732BF006E003E /* SwiftLintPlugin */ = {
			isa = XCSwiftPackageProductDependency;
			package = 68CC87D12B573282006E003E /* XCRemoteSwiftPackageReference "SwiftLint" */;
			productName = "plugin:SwiftLintPlugin";
		};
/* End XCSwiftPackageProductDependency section */
	};
	rootObject = 68EB5F2D231EC9CB008CC8EB /* Project object */;
}
