PODS:
  - CocoaLumberjack (3.7.4):
    - CocoaLumberjack/Core (= 3.7.4)
  - CocoaLumberjack/Core (3.7.4)
  - SVGKit (3.1.0):
    - CocoaLumberjack (~> 3.0)

DEPENDENCIES:
  - SVGKit (from `https://github.com/SVGKit/SVGKit.git`, branch `3.x`)

SPEC REPOS:
  trunk:
    - CocoaLumberjack

EXTERNAL SOURCES:
  SVGKit:
    :branch: 3.x
    :git: https://github.com/SVGKit/SVGKit.git

CHECKOUT OPTIONS:
  SVGKit:
    :commit: 8c290ceee19254f6d0da1940201d5efa31b48f9f
    :git: https://github.com/SVGKit/SVGKit.git

SPEC CHECKSUMS:
  CocoaLumberjack: 543c79c114dadc3b1aba95641d8738b06b05b646
  SVGKit: 3c8468aab0026048532a3b27a0c81cdd939f0649

PODFILE CHECKSUM: fda96e1052ae332a1d381c7344844bfaa6f54822

COCOAPODS: 1.12.0
