PODS:
  - CocoaLumberjack (3.6.1):
    - CocoaLumberjack/Core (= 3.6.1)
  - CocoaLumberjack/Core (3.6.1)
  - SVGKit (2.1.0):
    - CocoaLumberjack (~> 3.0)

DEPENDENCIES:
  - SVGKit (from `https://github.com/SVGKit/SVGKit.git`, branch `2.x`)

SPEC REPOS:
  trunk:
    - CocoaLumberjack

EXTERNAL SOURCES:
  SVGKit:
    :branch: 2.x
    :git: https://github.com/SVGKit/SVGKit.git

CHECKOUT OPTIONS:
  SVGKit:
    :commit: c40671b9a264f8f71831c4e0452736debfae2164
    :git: https://github.com/SVGKit/SVGKit.git

SPEC CHECKSUMS:
  CocoaLumberjack: b17ae15142558d08bbacf69775fa10c4abbebcc9
  SVGKit: 8a2fc74258bdb2abb54d3b65f3dd68b0277a9c4d

PODFILE CHECKSUM: 488835af426c67df429bdfa6334852ec3b6570c3

COCOAPODS: 1.9.1
